
Microsoft Visual Studio Solution File, Format Version 12.00
# Visual Studio Version 17
VisualStudioVersion = 17.0.31717.71
MinimumVisualStudioVersion = 10.0.40219.1
Project("{D954291E-2A0B-460D-934E-DC6B0785DB48}") = "Uno.Shared", "Uno\Uno.Shared\Uno.Shared.shproj", "{6279C845-92F8-4333-AB99-3D213163593C}"
EndProject
Project("{2150E333-8FDC-42A3-9474-1A3956D46DE8}") = "Platforms", "Platforms", "{B7451194-3284-4CE8-91BE-854496EF484B}"
EndProject
Project("{FAE04EC0-301F-11D3-BF4B-00C04F79EFBC}") = "Uno.Mobile", "Uno\Uno.Mobile\Uno.Mobile.csproj", "{B0AC87ED-95BD-40CD-ACE9-4C7521898FE8}"
EndProject
Project("{FAE04EC0-301F-11D3-BF4B-00C04F79EFBC}") = "Uno.UWP", "Uno\Uno.UWP\Uno.UWP.csproj", "{D206C647-2FE7-4FAD-B98D-95859F8CBD19}"
EndProject
Project("{FAE04EC0-301F-11D3-BF4B-00C04F79EFBC}") = "Uno.Wasm", "Uno\Uno.Wasm\Uno.Wasm.csproj", "{7751BE17-FE75-42BE-AE77-E2458248F14A}"
EndProject
Project("{FAE04EC0-301F-11D3-BF4B-00C04F79EFBC}") = "Uno.Skia.Wpf.Host", "Uno\Uno.Skia.Wpf.Host\Uno.Skia.Wpf.Host.csproj", "{A1E3991D-1D7C-4005-A72E-83E35FC7E8F5}"
EndProject
Project("{FAE04EC0-301F-11D3-BF4B-00C04F79EFBC}") = "Uno.Skia.Wpf", "Uno\Uno.Skia.Wpf\Uno.Skia.Wpf.csproj", "{C52F6917-A1C2-4061-9ABE-0526FBFCE1B9}"
EndProject
Project("{FAE04EC0-301F-11D3-BF4B-00C04F79EFBC}") = "Uno.Skia.Gtk", "Uno\Uno.Skia.Gtk\Uno.Skia.Gtk.csproj", "{D9136D16-11C0-4634-BAF7-0EE8DF269677}"
EndProject
Global
	GlobalSection(SharedMSBuildProjectFiles) = preSolution
		Uno\Uno.Shared\Uno.Shared.projitems*{6279c845-92f8-4333-ab99-3d213163593c}*SharedItemsImports = 13
		Uno\Uno.Shared\Uno.Shared.projitems*{7751be17-fe75-42be-ae77-e2458248f14a}*SharedItemsImports = 5
		Uno\Uno.Shared\Uno.Shared.projitems*{b0ac87ed-95bd-40cd-ace9-4c7521898fe8}*SharedItemsImports = 5
		Uno\Uno.Shared\Uno.Shared.projitems*{c52f6917-a1c2-4061-9abe-0526fbfce1b9}*SharedItemsImports = 5
		Uno\Uno.Shared\Uno.Shared.projitems*{d206c647-2fe7-4fad-b98d-95859f8cbd19}*SharedItemsImports = 4
		Uno\Uno.Shared\Uno.Shared.projitems*{d9136d16-11c0-4634-baf7-0ee8df269677}*SharedItemsImports = 5
	EndGlobalSection
	GlobalSection(SolutionConfigurationPlatforms) = preSolution
		Debug|Any CPU = Debug|Any CPU
		Debug|ARM = Debug|ARM
		Debug|ARM64 = Debug|ARM64
		Debug|x64 = Debug|x64
		Debug|x86 = Debug|x86
		Release|Any CPU = Release|Any CPU
		Release|ARM = Release|ARM
		Release|ARM64 = Release|ARM64
		Release|x64 = Release|x64
		Release|x86 = Release|x86
	EndGlobalSection
	GlobalSection(ProjectConfigurationPlatforms) = postSolution
		{B0AC87ED-95BD-40CD-ACE9-4C7521898FE8}.Debug|Any CPU.ActiveCfg = Debug|Any CPU
		{B0AC87ED-95BD-40CD-ACE9-4C7521898FE8}.Debug|Any CPU.Build.0 = Debug|Any CPU
		{B0AC87ED-95BD-40CD-ACE9-4C7521898FE8}.Debug|Any CPU.Deploy.0 = Debug|Any CPU
		{B0AC87ED-95BD-40CD-ACE9-4C7521898FE8}.Debug|ARM.ActiveCfg = Debug|Any CPU
		{B0AC87ED-95BD-40CD-ACE9-4C7521898FE8}.Debug|ARM.Build.0 = Debug|Any CPU
		{B0AC87ED-95BD-40CD-ACE9-4C7521898FE8}.Debug|ARM.Deploy.0 = Debug|Any CPU
		{B0AC87ED-95BD-40CD-ACE9-4C7521898FE8}.Debug|ARM64.ActiveCfg = Debug|Any CPU
		{B0AC87ED-95BD-40CD-ACE9-4C7521898FE8}.Debug|ARM64.Build.0 = Debug|Any CPU
		{B0AC87ED-95BD-40CD-ACE9-4C7521898FE8}.Debug|ARM64.Deploy.0 = Debug|Any CPU
		{B0AC87ED-95BD-40CD-ACE9-4C7521898FE8}.Debug|x64.ActiveCfg = Debug|Any CPU
		{B0AC87ED-95BD-40CD-ACE9-4C7521898FE8}.Debug|x64.Build.0 = Debug|Any CPU
		{B0AC87ED-95BD-40CD-ACE9-4C7521898FE8}.Debug|x64.Deploy.0 = Debug|Any CPU
		{B0AC87ED-95BD-40CD-ACE9-4C7521898FE8}.Debug|x86.ActiveCfg = Debug|Any CPU
		{B0AC87ED-95BD-40CD-ACE9-4C7521898FE8}.Debug|x86.Build.0 = Debug|Any CPU
		{B0AC87ED-95BD-40CD-ACE9-4C7521898FE8}.Debug|x86.Deploy.0 = Debug|Any CPU
		{B0AC87ED-95BD-40CD-ACE9-4C7521898FE8}.Release|Any CPU.ActiveCfg = Release|Any CPU
		{B0AC87ED-95BD-40CD-ACE9-4C7521898FE8}.Release|Any CPU.Build.0 = Release|Any CPU
		{B0AC87ED-95BD-40CD-ACE9-4C7521898FE8}.Release|Any CPU.Deploy.0 = Release|Any CPU
		{B0AC87ED-95BD-40CD-ACE9-4C7521898FE8}.Release|ARM.ActiveCfg = Release|Any CPU
		{B0AC87ED-95BD-40CD-ACE9-4C7521898FE8}.Release|ARM.Build.0 = Release|Any CPU
		{B0AC87ED-95BD-40CD-ACE9-4C7521898FE8}.Release|ARM.Deploy.0 = Release|Any CPU
		{B0AC87ED-95BD-40CD-ACE9-4C7521898FE8}.Release|ARM64.ActiveCfg = Release|Any CPU
		{B0AC87ED-95BD-40CD-ACE9-4C7521898FE8}.Release|ARM64.Build.0 = Release|Any CPU
		{B0AC87ED-95BD-40CD-ACE9-4C7521898FE8}.Release|ARM64.Deploy.0 = Release|Any CPU
		{B0AC87ED-95BD-40CD-ACE9-4C7521898FE8}.Release|x64.ActiveCfg = Release|Any CPU
		{B0AC87ED-95BD-40CD-ACE9-4C7521898FE8}.Release|x64.Build.0 = Release|Any CPU
		{B0AC87ED-95BD-40CD-ACE9-4C7521898FE8}.Release|x64.Deploy.0 = Release|Any CPU
		{B0AC87ED-95BD-40CD-ACE9-4C7521898FE8}.Release|x86.ActiveCfg = Release|Any CPU
		{B0AC87ED-95BD-40CD-ACE9-4C7521898FE8}.Release|x86.Build.0 = Release|Any CPU
		{B0AC87ED-95BD-40CD-ACE9-4C7521898FE8}.Release|x86.Deploy.0 = Release|Any CPU
		{D206C647-2FE7-4FAD-B98D-95859F8CBD19}.Debug|Any CPU.ActiveCfg = Debug|x86
		{D206C647-2FE7-4FAD-B98D-95859F8CBD19}.Debug|Any CPU.Build.0 = Debug|x86
		{D206C647-2FE7-4FAD-B98D-95859F8CBD19}.Debug|Any CPU.Deploy.0 = Debug|x86
		{D206C647-2FE7-4FAD-B98D-95859F8CBD19}.Debug|ARM.ActiveCfg = Debug|ARM
		{D206C647-2FE7-4FAD-B98D-95859F8CBD19}.Debug|ARM.Build.0 = Debug|ARM
		{D206C647-2FE7-4FAD-B98D-95859F8CBD19}.Debug|ARM.Deploy.0 = Debug|ARM
		{D206C647-2FE7-4FAD-B98D-95859F8CBD19}.Debug|ARM64.ActiveCfg = Debug|ARM64
		{D206C647-2FE7-4FAD-B98D-95859F8CBD19}.Debug|ARM64.Build.0 = Debug|ARM64
		{D206C647-2FE7-4FAD-B98D-95859F8CBD19}.Debug|ARM64.Deploy.0 = Debug|ARM64
		{D206C647-2FE7-4FAD-B98D-95859F8CBD19}.Debug|x64.ActiveCfg = Debug|x64
		{D206C647-2FE7-4FAD-B98D-95859F8CBD19}.Debug|x64.Build.0 = Debug|x64
		{D206C647-2FE7-4FAD-B98D-95859F8CBD19}.Debug|x64.Deploy.0 = Debug|x64
		{D206C647-2FE7-4FAD-B98D-95859F8CBD19}.Debug|x86.ActiveCfg = Debug|x86
		{D206C647-2FE7-4FAD-B98D-95859F8CBD19}.Debug|x86.Build.0 = Debug|x86
		{D206C647-2FE7-4FAD-B98D-95859F8CBD19}.Debug|x86.Deploy.0 = Debug|x86
		{D206C647-2FE7-4FAD-B98D-95859F8CBD19}.Release|Any CPU.ActiveCfg = Release|x86
		{D206C647-2FE7-4FAD-B98D-95859F8CBD19}.Release|ARM.ActiveCfg = Release|ARM
		{D206C647-2FE7-4FAD-B98D-95859F8CBD19}.Release|ARM.Build.0 = Release|ARM
		{D206C647-2FE7-4FAD-B98D-95859F8CBD19}.Release|ARM.Deploy.0 = Release|ARM
		{D206C647-2FE7-4FAD-B98D-95859F8CBD19}.Release|ARM64.ActiveCfg = Release|ARM64
		{D206C647-2FE7-4FAD-B98D-95859F8CBD19}.Release|ARM64.Build.0 = Release|ARM64
		{D206C647-2FE7-4FAD-B98D-95859F8CBD19}.Release|ARM64.Deploy.0 = Release|ARM64
		{D206C647-2FE7-4FAD-B98D-95859F8CBD19}.Release|x64.ActiveCfg = Release|x64
		{D206C647-2FE7-4FAD-B98D-95859F8CBD19}.Release|x64.Build.0 = Release|x64
		{D206C647-2FE7-4FAD-B98D-95859F8CBD19}.Release|x64.Deploy.0 = Release|x64
		{D206C647-2FE7-4FAD-B98D-95859F8CBD19}.Release|x86.ActiveCfg = Release|x86
		{D206C647-2FE7-4FAD-B98D-95859F8CBD19}.Release|x86.Build.0 = Release|x86
		{D206C647-2FE7-4FAD-B98D-95859F8CBD19}.Release|x86.Deploy.0 = Release|x86
		{7751BE17-FE75-42BE-AE77-E2458248F14A}.Debug|Any CPU.ActiveCfg = Debug|Any CPU
		{7751BE17-FE75-42BE-AE77-E2458248F14A}.Debug|Any CPU.Build.0 = Debug|Any CPU
		{7751BE17-FE75-42BE-AE77-E2458248F14A}.Debug|ARM.ActiveCfg = Debug|Any CPU
		{7751BE17-FE75-42BE-AE77-E2458248F14A}.Debug|ARM.Build.0 = Debug|Any CPU
		{7751BE17-FE75-42BE-AE77-E2458248F14A}.Debug|ARM64.ActiveCfg = Debug|Any CPU
		{7751BE17-FE75-42BE-AE77-E2458248F14A}.Debug|ARM64.Build.0 = Debug|Any CPU
		{7751BE17-FE75-42BE-AE77-E2458248F14A}.Debug|x64.ActiveCfg = Debug|Any CPU
		{7751BE17-FE75-42BE-AE77-E2458248F14A}.Debug|x64.Build.0 = Debug|Any CPU
		{7751BE17-FE75-42BE-AE77-E2458248F14A}.Debug|x86.ActiveCfg = Debug|Any CPU
		{7751BE17-FE75-42BE-AE77-E2458248F14A}.Debug|x86.Build.0 = Debug|Any CPU
		{7751BE17-FE75-42BE-AE77-E2458248F14A}.Release|Any CPU.ActiveCfg = Release|Any CPU
		{7751BE17-FE75-42BE-AE77-E2458248F14A}.Release|Any CPU.Build.0 = Release|Any CPU
		{7751BE17-FE75-42BE-AE77-E2458248F14A}.Release|ARM.ActiveCfg = Release|Any CPU
		{7751BE17-FE75-42BE-AE77-E2458248F14A}.Release|ARM.Build.0 = Release|Any CPU
		{7751BE17-FE75-42BE-AE77-E2458248F14A}.Release|ARM64.ActiveCfg = Release|Any CPU
		{7751BE17-FE75-42BE-AE77-E2458248F14A}.Release|ARM64.Build.0 = Release|Any CPU
		{7751BE17-FE75-42BE-AE77-E2458248F14A}.Release|x64.ActiveCfg = Release|Any CPU
		{7751BE17-FE75-42BE-AE77-E2458248F14A}.Release|x64.Build.0 = Release|Any CPU
		{7751BE17-FE75-42BE-AE77-E2458248F14A}.Release|x86.ActiveCfg = Release|Any CPU
		{7751BE17-FE75-42BE-AE77-E2458248F14A}.Release|x86.Build.0 = Release|Any CPU
		{A1E3991D-1D7C-4005-A72E-83E35FC7E8F5}.Debug|Any CPU.ActiveCfg = Debug|Any CPU
		{A1E3991D-1D7C-4005-A72E-83E35FC7E8F5}.Debug|Any CPU.Build.0 = Debug|Any CPU
		{A1E3991D-1D7C-4005-A72E-83E35FC7E8F5}.Debug|ARM.ActiveCfg = Debug|Any CPU
		{A1E3991D-1D7C-4005-A72E-83E35FC7E8F5}.Debug|ARM.Build.0 = Debug|Any CPU
		{A1E3991D-1D7C-4005-A72E-83E35FC7E8F5}.Debug|ARM64.ActiveCfg = Debug|Any CPU
		{A1E3991D-1D7C-4005-A72E-83E35FC7E8F5}.Debug|ARM64.Build.0 = Debug|Any CPU
		{A1E3991D-1D7C-4005-A72E-83E35FC7E8F5}.Debug|x64.ActiveCfg = Debug|Any CPU
		{A1E3991D-1D7C-4005-A72E-83E35FC7E8F5}.Debug|x64.Build.0 = Debug|Any CPU
		{A1E3991D-1D7C-4005-A72E-83E35FC7E8F5}.Debug|x86.ActiveCfg = Debug|Any CPU
		{A1E3991D-1D7C-4005-A72E-83E35FC7E8F5}.Debug|x86.Build.0 = Debug|Any CPU
		{A1E3991D-1D7C-4005-A72E-83E35FC7E8F5}.Release|Any CPU.ActiveCfg = Release|Any CPU
		{A1E3991D-1D7C-4005-A72E-83E35FC7E8F5}.Release|Any CPU.Build.0 = Release|Any CPU
		{A1E3991D-1D7C-4005-A72E-83E35FC7E8F5}.Release|ARM.ActiveCfg = Release|Any CPU
		{A1E3991D-1D7C-4005-A72E-83E35FC7E8F5}.Release|ARM.Build.0 = Release|Any CPU
		{A1E3991D-1D7C-4005-A72E-83E35FC7E8F5}.Release|ARM64.ActiveCfg = Release|Any CPU
		{A1E3991D-1D7C-4005-A72E-83E35FC7E8F5}.Release|ARM64.Build.0 = Release|Any CPU
		{A1E3991D-1D7C-4005-A72E-83E35FC7E8F5}.Release|x64.ActiveCfg = Release|Any CPU
		{A1E3991D-1D7C-4005-A72E-83E35FC7E8F5}.Release|x64.Build.0 = Release|Any CPU
		{A1E3991D-1D7C-4005-A72E-83E35FC7E8F5}.Release|x86.ActiveCfg = Release|Any CPU
		{A1E3991D-1D7C-4005-A72E-83E35FC7E8F5}.Release|x86.Build.0 = Release|Any CPU
		{C52F6917-A1C2-4061-9ABE-0526FBFCE1B9}.Debug|Any CPU.ActiveCfg = Debug|Any CPU
		{C52F6917-A1C2-4061-9ABE-0526FBFCE1B9}.Debug|Any CPU.Build.0 = Debug|Any CPU
		{C52F6917-A1C2-4061-9ABE-0526FBFCE1B9}.Debug|ARM.ActiveCfg = Debug|Any CPU
		{C52F6917-A1C2-4061-9ABE-0526FBFCE1B9}.Debug|ARM.Build.0 = Debug|Any CPU
		{C52F6917-A1C2-4061-9ABE-0526FBFCE1B9}.Debug|ARM64.ActiveCfg = Debug|Any CPU
		{C52F6917-A1C2-4061-9ABE-0526FBFCE1B9}.Debug|ARM64.Build.0 = Debug|Any CPU
		{C52F6917-A1C2-4061-9ABE-0526FBFCE1B9}.Debug|x64.ActiveCfg = Debug|Any CPU
		{C52F6917-A1C2-4061-9ABE-0526FBFCE1B9}.Debug|x64.Build.0 = Debug|Any CPU
		{C52F6917-A1C2-4061-9ABE-0526FBFCE1B9}.Debug|x86.ActiveCfg = Debug|Any CPU
		{C52F6917-A1C2-4061-9ABE-0526FBFCE1B9}.Debug|x86.Build.0 = Debug|Any CPU
		{C52F6917-A1C2-4061-9ABE-0526FBFCE1B9}.Release|Any CPU.ActiveCfg = Release|Any CPU
		{C52F6917-A1C2-4061-9ABE-0526FBFCE1B9}.Release|Any CPU.Build.0 = Release|Any CPU
		{C52F6917-A1C2-4061-9ABE-0526FBFCE1B9}.Release|ARM.ActiveCfg = Release|Any CPU
		{C52F6917-A1C2-4061-9ABE-0526FBFCE1B9}.Release|ARM.Build.0 = Release|Any CPU
		{C52F6917-A1C2-4061-9ABE-0526FBFCE1B9}.Release|ARM64.ActiveCfg = Release|Any CPU
		{C52F6917-A1C2-4061-9ABE-0526FBFCE1B9}.Release|ARM64.Build.0 = Release|Any CPU
		{C52F6917-A1C2-4061-9ABE-0526FBFCE1B9}.Release|x64.ActiveCfg = Release|Any CPU
		{C52F6917-A1C2-4061-9ABE-0526FBFCE1B9}.Release|x64.Build.0 = Release|Any CPU
		{C52F6917-A1C2-4061-9ABE-0526FBFCE1B9}.Release|x86.ActiveCfg = Release|Any CPU
		{C52F6917-A1C2-4061-9ABE-0526FBFCE1B9}.Release|x86.Build.0 = Release|Any CPU
		{D9136D16-11C0-4634-BAF7-0EE8DF269677}.Debug|Any CPU.ActiveCfg = Debug|Any CPU
		{D9136D16-11C0-4634-BAF7-0EE8DF269677}.Debug|Any CPU.Build.0 = Debug|Any CPU
		{D9136D16-11C0-4634-BAF7-0EE8DF269677}.Debug|ARM.ActiveCfg = Debug|Any CPU
		{D9136D16-11C0-4634-BAF7-0EE8DF269677}.Debug|ARM.Build.0 = Debug|Any CPU
		{D9136D16-11C0-4634-BAF7-0EE8DF269677}.Debug|ARM64.ActiveCfg = Debug|Any CPU
		{D9136D16-11C0-4634-BAF7-0EE8DF269677}.Debug|ARM64.Build.0 = Debug|Any CPU
		{D9136D16-11C0-4634-BAF7-0EE8DF269677}.Debug|x64.ActiveCfg = Debug|Any CPU
		{D9136D16-11C0-4634-BAF7-0EE8DF269677}.Debug|x64.Build.0 = Debug|Any CPU
		{D9136D16-11C0-4634-BAF7-0EE8DF269677}.Debug|x86.ActiveCfg = Debug|Any CPU
		{D9136D16-11C0-4634-BAF7-0EE8DF269677}.Debug|x86.Build.0 = Debug|Any CPU
		{D9136D16-11C0-4634-BAF7-0EE8DF269677}.Release|Any CPU.ActiveCfg = Release|Any CPU
		{D9136D16-11C0-4634-BAF7-0EE8DF269677}.Release|Any CPU.Build.0 = Release|Any CPU
		{D9136D16-11C0-4634-BAF7-0EE8DF269677}.Release|ARM.ActiveCfg = Release|Any CPU
		{D9136D16-11C0-4634-BAF7-0EE8DF269677}.Release|ARM.Build.0 = Release|Any CPU
		{D9136D16-11C0-4634-BAF7-0EE8DF269677}.Release|ARM64.ActiveCfg = Release|Any CPU
		{D9136D16-11C0-4634-BAF7-0EE8DF269677}.Release|ARM64.Build.0 = Release|Any CPU
		{D9136D16-11C0-4634-BAF7-0EE8DF269677}.Release|x64.ActiveCfg = Release|Any CPU
		{D9136D16-11C0-4634-BAF7-0EE8DF269677}.Release|x64.Build.0 = Release|Any CPU
		{D9136D16-11C0-4634-BAF7-0EE8DF269677}.Release|x86.ActiveCfg = Release|Any CPU
		{D9136D16-11C0-4634-BAF7-0EE8DF269677}.Release|x86.Build.0 = Release|Any CPU
	EndGlobalSection
	GlobalSection(SolutionProperties) = preSolution
		HideSolutionNode = FALSE
	EndGlobalSection
	GlobalSection(NestedProjects) = preSolution
		{B0AC87ED-95BD-40CD-ACE9-4C7521898FE8} = {B7451194-3284-4CE8-91BE-854496EF484B}
		{D206C647-2FE7-4FAD-B98D-95859F8CBD19} = {B7451194-3284-4CE8-91BE-854496EF484B}
		{7751BE17-FE75-42BE-AE77-E2458248F14A} = {B7451194-3284-4CE8-91BE-854496EF484B}
		{A1E3991D-1D7C-4005-A72E-83E35FC7E8F5} = {B7451194-3284-4CE8-91BE-854496EF484B}
		{C52F6917-A1C2-4061-9ABE-0526FBFCE1B9} = {B7451194-3284-4CE8-91BE-854496EF484B}
		{D9136D16-11C0-4634-BAF7-0EE8DF269677} = {B7451194-3284-4CE8-91BE-854496EF484B}
	EndGlobalSection
	GlobalSection(ExtensibilityGlobals) = postSolution
		SolutionGuid = {82A542AE-FC09-4B65-AF5B-C571A8FEE0C6}
	EndGlobalSection
EndGlobal
