
Microsoft Visual Studio Solution File, Format Version 12.00
# Visual Studio Version 16
VisualStudioVersion = 16.0.30011.22
MinimumVisualStudioVersion = 10.0.40219.1
Project("{FAE04EC0-301F-11D3-BF4B-00C04F79EFBC}") = "FormsDesktop.UWP", "FormsDesktop.UWP\FormsDesktop.UWP.csproj", "{D643DA62-2491-4B1F-B314-922DE0657CE9}"
EndProject
Project("{FAE04EC0-301F-11D3-BF4B-00C04F79EFBC}") = "FormsDesktop.Android", "FormsDesktop.Android\FormsDesktop.Android.csproj", "{ABAC069E-A148-47E8-B381-26E212595E7D}"
EndProject
Project("{FAE04EC0-301F-11D3-BF4B-00C04F79EFBC}") = "FormsDesktop.iOS", "FormsDesktop.iOS\FormsDesktop.iOS.csproj", "{1EA3EFF1-60DF-471F-B9E1-FB1C7EC1F3DA}"
EndProject
Project("{9A19103F-16F7-4668-BE54-9A1E7A4F7556}") = "FormsDesktop", "FormsDesktop\FormsDesktop.csproj", "{2CEF51DC-FAA8-4677-8736-2A1341614C85}"
EndProject
Project("{FAE04EC0-301F-11D3-BF4B-00C04F79EFBC}") = "FormsDesktop.Wasm", "FormsDesktop.Wasm\FormsDesktop.Wasm.csproj", "{6137070C-9502-4585-B652-4B5334B1EE24}"
EndProject
Project("{FAE04EC0-301F-11D3-BF4B-00C04F79EFBC}") = "FormsDesktop.MacOS", "FormsDesktop.MacOS\FormsDesktop.MacOS.csproj", "{C6CA452F-9A47-4700-8673-DB2D30289E89}"
EndProject
Project("{9A19103F-16F7-4668-BE54-9A1E7A4F7556}") = "FormsDesktop.WPF", "FormsDesktop.WPF\FormsDesktop.WPF.csproj", "{B42C13D8-2264-404E-A225-E5EB4051D8F7}"
EndProject
Global
	GlobalSection(SolutionConfigurationPlatforms) = preSolution
		Debug|Any CPU = Debug|Any CPU
		Debug|ARM = Debug|ARM
		Debug|iPhone = Debug|iPhone
		Debug|iPhoneSimulator = Debug|iPhoneSimulator
		Debug|x64 = Debug|x64
		Debug|x86 = Debug|x86
		Release|Any CPU = Release|Any CPU
		Release|ARM = Release|ARM
		Release|iPhone = Release|iPhone
		Release|iPhoneSimulator = Release|iPhoneSimulator
		Release|x64 = Release|x64
		Release|x86 = Release|x86
	EndGlobalSection
	GlobalSection(ProjectConfigurationPlatforms) = postSolution
		{D643DA62-2491-4B1F-B314-922DE0657CE9}.Debug|Any CPU.ActiveCfg = Debug|x86
		{D643DA62-2491-4B1F-B314-922DE0657CE9}.Debug|Any CPU.Build.0 = Debug|x86
		{D643DA62-2491-4B1F-B314-922DE0657CE9}.Debug|Any CPU.Deploy.0 = Debug|x86
		{D643DA62-2491-4B1F-B314-922DE0657CE9}.Debug|ARM.ActiveCfg = Debug|ARM
		{D643DA62-2491-4B1F-B314-922DE0657CE9}.Debug|ARM.Build.0 = Debug|ARM
		{D643DA62-2491-4B1F-B314-922DE0657CE9}.Debug|ARM.Deploy.0 = Debug|ARM
		{D643DA62-2491-4B1F-B314-922DE0657CE9}.Debug|iPhone.ActiveCfg = Debug|x86
		{D643DA62-2491-4B1F-B314-922DE0657CE9}.Debug|iPhone.Build.0 = Debug|x86
		{D643DA62-2491-4B1F-B314-922DE0657CE9}.Debug|iPhone.Deploy.0 = Debug|x86
		{D643DA62-2491-4B1F-B314-922DE0657CE9}.Debug|iPhoneSimulator.ActiveCfg = Debug|x86
		{D643DA62-2491-4B1F-B314-922DE0657CE9}.Debug|iPhoneSimulator.Build.0 = Debug|x86
		{D643DA62-2491-4B1F-B314-922DE0657CE9}.Debug|iPhoneSimulator.Deploy.0 = Debug|x86
		{D643DA62-2491-4B1F-B314-922DE0657CE9}.Debug|x64.ActiveCfg = Debug|x64
		{D643DA62-2491-4B1F-B314-922DE0657CE9}.Debug|x64.Build.0 = Debug|x64
		{D643DA62-2491-4B1F-B314-922DE0657CE9}.Debug|x64.Deploy.0 = Debug|x64
		{D643DA62-2491-4B1F-B314-922DE0657CE9}.Debug|x86.ActiveCfg = Debug|x86
		{D643DA62-2491-4B1F-B314-922DE0657CE9}.Debug|x86.Build.0 = Debug|x86
		{D643DA62-2491-4B1F-B314-922DE0657CE9}.Debug|x86.Deploy.0 = Debug|x86
		{D643DA62-2491-4B1F-B314-922DE0657CE9}.Release|Any CPU.ActiveCfg = Release|x86
		{D643DA62-2491-4B1F-B314-922DE0657CE9}.Release|Any CPU.Build.0 = Release|x86
		{D643DA62-2491-4B1F-B314-922DE0657CE9}.Release|Any CPU.Deploy.0 = Release|x86
		{D643DA62-2491-4B1F-B314-922DE0657CE9}.Release|ARM.ActiveCfg = Release|ARM
		{D643DA62-2491-4B1F-B314-922DE0657CE9}.Release|ARM.Build.0 = Release|ARM
		{D643DA62-2491-4B1F-B314-922DE0657CE9}.Release|ARM.Deploy.0 = Release|ARM
		{D643DA62-2491-4B1F-B314-922DE0657CE9}.Release|iPhone.ActiveCfg = Release|x86
		{D643DA62-2491-4B1F-B314-922DE0657CE9}.Release|iPhone.Build.0 = Release|x86
		{D643DA62-2491-4B1F-B314-922DE0657CE9}.Release|iPhone.Deploy.0 = Release|x86
		{D643DA62-2491-4B1F-B314-922DE0657CE9}.Release|iPhoneSimulator.ActiveCfg = Release|x86
		{D643DA62-2491-4B1F-B314-922DE0657CE9}.Release|iPhoneSimulator.Build.0 = Release|x86
		{D643DA62-2491-4B1F-B314-922DE0657CE9}.Release|iPhoneSimulator.Deploy.0 = Release|x86
		{D643DA62-2491-4B1F-B314-922DE0657CE9}.Release|x64.ActiveCfg = Release|x64
		{D643DA62-2491-4B1F-B314-922DE0657CE9}.Release|x64.Build.0 = Release|x64
		{D643DA62-2491-4B1F-B314-922DE0657CE9}.Release|x64.Deploy.0 = Release|x64
		{D643DA62-2491-4B1F-B314-922DE0657CE9}.Release|x86.ActiveCfg = Release|x86
		{D643DA62-2491-4B1F-B314-922DE0657CE9}.Release|x86.Build.0 = Release|x86
		{D643DA62-2491-4B1F-B314-922DE0657CE9}.Release|x86.Deploy.0 = Release|x86
		{ABAC069E-A148-47E8-B381-26E212595E7D}.Debug|Any CPU.ActiveCfg = Debug|Any CPU
		{ABAC069E-A148-47E8-B381-26E212595E7D}.Debug|Any CPU.Build.0 = Debug|Any CPU
		{ABAC069E-A148-47E8-B381-26E212595E7D}.Debug|Any CPU.Deploy.0 = Debug|Any CPU
		{ABAC069E-A148-47E8-B381-26E212595E7D}.Debug|ARM.ActiveCfg = Debug|Any CPU
		{ABAC069E-A148-47E8-B381-26E212595E7D}.Debug|ARM.Build.0 = Debug|Any CPU
		{ABAC069E-A148-47E8-B381-26E212595E7D}.Debug|ARM.Deploy.0 = Debug|Any CPU
		{ABAC069E-A148-47E8-B381-26E212595E7D}.Debug|iPhone.ActiveCfg = Debug|Any CPU
		{ABAC069E-A148-47E8-B381-26E212595E7D}.Debug|iPhone.Build.0 = Debug|Any CPU
		{ABAC069E-A148-47E8-B381-26E212595E7D}.Debug|iPhone.Deploy.0 = Debug|Any CPU
		{ABAC069E-A148-47E8-B381-26E212595E7D}.Debug|iPhoneSimulator.ActiveCfg = Debug|Any CPU
		{ABAC069E-A148-47E8-B381-26E212595E7D}.Debug|iPhoneSimulator.Build.0 = Debug|Any CPU
		{ABAC069E-A148-47E8-B381-26E212595E7D}.Debug|iPhoneSimulator.Deploy.0 = Debug|Any CPU
		{ABAC069E-A148-47E8-B381-26E212595E7D}.Debug|x64.ActiveCfg = Debug|Any CPU
		{ABAC069E-A148-47E8-B381-26E212595E7D}.Debug|x64.Build.0 = Debug|Any CPU
		{ABAC069E-A148-47E8-B381-26E212595E7D}.Debug|x64.Deploy.0 = Debug|Any CPU
		{ABAC069E-A148-47E8-B381-26E212595E7D}.Debug|x86.ActiveCfg = Debug|Any CPU
		{ABAC069E-A148-47E8-B381-26E212595E7D}.Debug|x86.Build.0 = Debug|Any CPU
		{ABAC069E-A148-47E8-B381-26E212595E7D}.Debug|x86.Deploy.0 = Debug|Any CPU
		{ABAC069E-A148-47E8-B381-26E212595E7D}.Release|Any CPU.ActiveCfg = Release|Any CPU
		{ABAC069E-A148-47E8-B381-26E212595E7D}.Release|Any CPU.Build.0 = Release|Any CPU
		{ABAC069E-A148-47E8-B381-26E212595E7D}.Release|Any CPU.Deploy.0 = Release|Any CPU
		{ABAC069E-A148-47E8-B381-26E212595E7D}.Release|ARM.ActiveCfg = Release|Any CPU
		{ABAC069E-A148-47E8-B381-26E212595E7D}.Release|ARM.Build.0 = Release|Any CPU
		{ABAC069E-A148-47E8-B381-26E212595E7D}.Release|ARM.Deploy.0 = Release|Any CPU
		{ABAC069E-A148-47E8-B381-26E212595E7D}.Release|iPhone.ActiveCfg = Release|Any CPU
		{ABAC069E-A148-47E8-B381-26E212595E7D}.Release|iPhone.Build.0 = Release|Any CPU
		{ABAC069E-A148-47E8-B381-26E212595E7D}.Release|iPhone.Deploy.0 = Release|Any CPU
		{ABAC069E-A148-47E8-B381-26E212595E7D}.Release|iPhoneSimulator.ActiveCfg = Release|Any CPU
		{ABAC069E-A148-47E8-B381-26E212595E7D}.Release|iPhoneSimulator.Build.0 = Release|Any CPU
		{ABAC069E-A148-47E8-B381-26E212595E7D}.Release|iPhoneSimulator.Deploy.0 = Release|Any CPU
		{ABAC069E-A148-47E8-B381-26E212595E7D}.Release|x64.ActiveCfg = Release|Any CPU
		{ABAC069E-A148-47E8-B381-26E212595E7D}.Release|x64.Build.0 = Release|Any CPU
		{ABAC069E-A148-47E8-B381-26E212595E7D}.Release|x64.Deploy.0 = Release|Any CPU
		{ABAC069E-A148-47E8-B381-26E212595E7D}.Release|x86.ActiveCfg = Release|Any CPU
		{ABAC069E-A148-47E8-B381-26E212595E7D}.Release|x86.Build.0 = Release|Any CPU
		{ABAC069E-A148-47E8-B381-26E212595E7D}.Release|x86.Deploy.0 = Release|Any CPU
		{1EA3EFF1-60DF-471F-B9E1-FB1C7EC1F3DA}.Debug|Any CPU.ActiveCfg = Debug|iPhone
		{1EA3EFF1-60DF-471F-B9E1-FB1C7EC1F3DA}.Debug|Any CPU.Build.0 = Debug|iPhone
		{1EA3EFF1-60DF-471F-B9E1-FB1C7EC1F3DA}.Debug|Any CPU.Deploy.0 = Debug|iPhone
		{1EA3EFF1-60DF-471F-B9E1-FB1C7EC1F3DA}.Debug|ARM.ActiveCfg = Debug|iPhone
		{1EA3EFF1-60DF-471F-B9E1-FB1C7EC1F3DA}.Debug|ARM.Build.0 = Debug|iPhone
		{1EA3EFF1-60DF-471F-B9E1-FB1C7EC1F3DA}.Debug|ARM.Deploy.0 = Debug|iPhone
		{1EA3EFF1-60DF-471F-B9E1-FB1C7EC1F3DA}.Debug|iPhone.ActiveCfg = Debug|iPhone
		{1EA3EFF1-60DF-471F-B9E1-FB1C7EC1F3DA}.Debug|iPhone.Build.0 = Debug|iPhone
		{1EA3EFF1-60DF-471F-B9E1-FB1C7EC1F3DA}.Debug|iPhone.Deploy.0 = Debug|iPhone
		{1EA3EFF1-60DF-471F-B9E1-FB1C7EC1F3DA}.Debug|iPhoneSimulator.ActiveCfg = Debug|iPhoneSimulator
		{1EA3EFF1-60DF-471F-B9E1-FB1C7EC1F3DA}.Debug|iPhoneSimulator.Build.0 = Debug|iPhoneSimulator
		{1EA3EFF1-60DF-471F-B9E1-FB1C7EC1F3DA}.Debug|iPhoneSimulator.Deploy.0 = Debug|iPhoneSimulator
		{1EA3EFF1-60DF-471F-B9E1-FB1C7EC1F3DA}.Debug|x64.ActiveCfg = Debug|iPhone
		{1EA3EFF1-60DF-471F-B9E1-FB1C7EC1F3DA}.Debug|x64.Build.0 = Debug|iPhone
		{1EA3EFF1-60DF-471F-B9E1-FB1C7EC1F3DA}.Debug|x64.Deploy.0 = Debug|iPhone
		{1EA3EFF1-60DF-471F-B9E1-FB1C7EC1F3DA}.Debug|x86.ActiveCfg = Debug|iPhone
		{1EA3EFF1-60DF-471F-B9E1-FB1C7EC1F3DA}.Debug|x86.Build.0 = Debug|iPhone
		{1EA3EFF1-60DF-471F-B9E1-FB1C7EC1F3DA}.Debug|x86.Deploy.0 = Debug|iPhone
		{1EA3EFF1-60DF-471F-B9E1-FB1C7EC1F3DA}.Release|Any CPU.ActiveCfg = Release|iPhone
		{1EA3EFF1-60DF-471F-B9E1-FB1C7EC1F3DA}.Release|Any CPU.Build.0 = Release|iPhone
		{1EA3EFF1-60DF-471F-B9E1-FB1C7EC1F3DA}.Release|Any CPU.Deploy.0 = Release|iPhone
		{1EA3EFF1-60DF-471F-B9E1-FB1C7EC1F3DA}.Release|ARM.ActiveCfg = Release|iPhone
		{1EA3EFF1-60DF-471F-B9E1-FB1C7EC1F3DA}.Release|ARM.Build.0 = Release|iPhone
		{1EA3EFF1-60DF-471F-B9E1-FB1C7EC1F3DA}.Release|ARM.Deploy.0 = Release|iPhone
		{1EA3EFF1-60DF-471F-B9E1-FB1C7EC1F3DA}.Release|iPhone.ActiveCfg = Release|iPhone
		{1EA3EFF1-60DF-471F-B9E1-FB1C7EC1F3DA}.Release|iPhone.Build.0 = Release|iPhone
		{1EA3EFF1-60DF-471F-B9E1-FB1C7EC1F3DA}.Release|iPhone.Deploy.0 = Release|iPhone
		{1EA3EFF1-60DF-471F-B9E1-FB1C7EC1F3DA}.Release|iPhoneSimulator.ActiveCfg = Release|iPhoneSimulator
		{1EA3EFF1-60DF-471F-B9E1-FB1C7EC1F3DA}.Release|iPhoneSimulator.Build.0 = Release|iPhoneSimulator
		{1EA3EFF1-60DF-471F-B9E1-FB1C7EC1F3DA}.Release|iPhoneSimulator.Deploy.0 = Release|iPhoneSimulator
		{1EA3EFF1-60DF-471F-B9E1-FB1C7EC1F3DA}.Release|x64.ActiveCfg = Release|iPhone
		{1EA3EFF1-60DF-471F-B9E1-FB1C7EC1F3DA}.Release|x64.Build.0 = Release|iPhone
		{1EA3EFF1-60DF-471F-B9E1-FB1C7EC1F3DA}.Release|x64.Deploy.0 = Release|iPhone
		{1EA3EFF1-60DF-471F-B9E1-FB1C7EC1F3DA}.Release|x86.ActiveCfg = Release|iPhone
		{1EA3EFF1-60DF-471F-B9E1-FB1C7EC1F3DA}.Release|x86.Build.0 = Release|iPhone
		{1EA3EFF1-60DF-471F-B9E1-FB1C7EC1F3DA}.Release|x86.Deploy.0 = Release|iPhone
		{2CEF51DC-FAA8-4677-8736-2A1341614C85}.Debug|Any CPU.ActiveCfg = Debug|Any CPU
		{2CEF51DC-FAA8-4677-8736-2A1341614C85}.Debug|Any CPU.Build.0 = Debug|Any CPU
		{2CEF51DC-FAA8-4677-8736-2A1341614C85}.Debug|Any CPU.Deploy.0 = Debug|Any CPU
		{2CEF51DC-FAA8-4677-8736-2A1341614C85}.Debug|ARM.ActiveCfg = Debug|Any CPU
		{2CEF51DC-FAA8-4677-8736-2A1341614C85}.Debug|ARM.Build.0 = Debug|Any CPU
		{2CEF51DC-FAA8-4677-8736-2A1341614C85}.Debug|ARM.Deploy.0 = Debug|Any CPU
		{2CEF51DC-FAA8-4677-8736-2A1341614C85}.Debug|iPhone.ActiveCfg = Debug|Any CPU
		{2CEF51DC-FAA8-4677-8736-2A1341614C85}.Debug|iPhone.Build.0 = Debug|Any CPU
		{2CEF51DC-FAA8-4677-8736-2A1341614C85}.Debug|iPhone.Deploy.0 = Debug|Any CPU
		{2CEF51DC-FAA8-4677-8736-2A1341614C85}.Debug|iPhoneSimulator.ActiveCfg = Debug|Any CPU
		{2CEF51DC-FAA8-4677-8736-2A1341614C85}.Debug|iPhoneSimulator.Build.0 = Debug|Any CPU
		{2CEF51DC-FAA8-4677-8736-2A1341614C85}.Debug|iPhoneSimulator.Deploy.0 = Debug|Any CPU
		{2CEF51DC-FAA8-4677-8736-2A1341614C85}.Debug|x64.ActiveCfg = Debug|Any CPU
		{2CEF51DC-FAA8-4677-8736-2A1341614C85}.Debug|x64.Build.0 = Debug|Any CPU
		{2CEF51DC-FAA8-4677-8736-2A1341614C85}.Debug|x64.Deploy.0 = Debug|Any CPU
		{2CEF51DC-FAA8-4677-8736-2A1341614C85}.Debug|x86.ActiveCfg = Debug|Any CPU
		{2CEF51DC-FAA8-4677-8736-2A1341614C85}.Debug|x86.Build.0 = Debug|Any CPU
		{2CEF51DC-FAA8-4677-8736-2A1341614C85}.Debug|x86.Deploy.0 = Debug|Any CPU
		{2CEF51DC-FAA8-4677-8736-2A1341614C85}.Release|Any CPU.ActiveCfg = Release|Any CPU
		{2CEF51DC-FAA8-4677-8736-2A1341614C85}.Release|Any CPU.Build.0 = Release|Any CPU
		{2CEF51DC-FAA8-4677-8736-2A1341614C85}.Release|Any CPU.Deploy.0 = Release|Any CPU
		{2CEF51DC-FAA8-4677-8736-2A1341614C85}.Release|ARM.ActiveCfg = Release|Any CPU
		{2CEF51DC-FAA8-4677-8736-2A1341614C85}.Release|ARM.Build.0 = Release|Any CPU
		{2CEF51DC-FAA8-4677-8736-2A1341614C85}.Release|ARM.Deploy.0 = Release|Any CPU
		{2CEF51DC-FAA8-4677-8736-2A1341614C85}.Release|iPhone.ActiveCfg = Release|Any CPU
		{2CEF51DC-FAA8-4677-8736-2A1341614C85}.Release|iPhone.Build.0 = Release|Any CPU
		{2CEF51DC-FAA8-4677-8736-2A1341614C85}.Release|iPhone.Deploy.0 = Release|Any CPU
		{2CEF51DC-FAA8-4677-8736-2A1341614C85}.Release|iPhoneSimulator.ActiveCfg = Release|Any CPU
		{2CEF51DC-FAA8-4677-8736-2A1341614C85}.Release|iPhoneSimulator.Build.0 = Release|Any CPU
		{2CEF51DC-FAA8-4677-8736-2A1341614C85}.Release|iPhoneSimulator.Deploy.0 = Release|Any CPU
		{2CEF51DC-FAA8-4677-8736-2A1341614C85}.Release|x64.ActiveCfg = Release|Any CPU
		{2CEF51DC-FAA8-4677-8736-2A1341614C85}.Release|x64.Build.0 = Release|Any CPU
		{2CEF51DC-FAA8-4677-8736-2A1341614C85}.Release|x64.Deploy.0 = Release|Any CPU
		{2CEF51DC-FAA8-4677-8736-2A1341614C85}.Release|x86.ActiveCfg = Release|Any CPU
		{2CEF51DC-FAA8-4677-8736-2A1341614C85}.Release|x86.Build.0 = Release|Any CPU
		{2CEF51DC-FAA8-4677-8736-2A1341614C85}.Release|x86.Deploy.0 = Release|Any CPU
		{6137070C-9502-4585-B652-4B5334B1EE24}.Debug|Any CPU.ActiveCfg = Debug|Any CPU
		{6137070C-9502-4585-B652-4B5334B1EE24}.Debug|Any CPU.Build.0 = Debug|Any CPU
		{6137070C-9502-4585-B652-4B5334B1EE24}.Debug|ARM.ActiveCfg = Debug|Any CPU
		{6137070C-9502-4585-B652-4B5334B1EE24}.Debug|ARM.Build.0 = Debug|Any CPU
		{6137070C-9502-4585-B652-4B5334B1EE24}.Debug|iPhone.ActiveCfg = Debug|Any CPU
		{6137070C-9502-4585-B652-4B5334B1EE24}.Debug|iPhone.Build.0 = Debug|Any CPU
		{6137070C-9502-4585-B652-4B5334B1EE24}.Debug|iPhoneSimulator.ActiveCfg = Debug|Any CPU
		{6137070C-9502-4585-B652-4B5334B1EE24}.Debug|iPhoneSimulator.Build.0 = Debug|Any CPU
		{6137070C-9502-4585-B652-4B5334B1EE24}.Debug|x64.ActiveCfg = Debug|Any CPU
		{6137070C-9502-4585-B652-4B5334B1EE24}.Debug|x64.Build.0 = Debug|Any CPU
		{6137070C-9502-4585-B652-4B5334B1EE24}.Debug|x86.ActiveCfg = Debug|Any CPU
		{6137070C-9502-4585-B652-4B5334B1EE24}.Debug|x86.Build.0 = Debug|Any CPU
		{6137070C-9502-4585-B652-4B5334B1EE24}.Release|Any CPU.ActiveCfg = Release|Any CPU
		{6137070C-9502-4585-B652-4B5334B1EE24}.Release|Any CPU.Build.0 = Release|Any CPU
		{6137070C-9502-4585-B652-4B5334B1EE24}.Release|ARM.ActiveCfg = Release|Any CPU
		{6137070C-9502-4585-B652-4B5334B1EE24}.Release|ARM.Build.0 = Release|Any CPU
		{6137070C-9502-4585-B652-4B5334B1EE24}.Release|iPhone.ActiveCfg = Release|Any CPU
		{6137070C-9502-4585-B652-4B5334B1EE24}.Release|iPhone.Build.0 = Release|Any CPU
		{6137070C-9502-4585-B652-4B5334B1EE24}.Release|iPhoneSimulator.ActiveCfg = Release|Any CPU
		{6137070C-9502-4585-B652-4B5334B1EE24}.Release|iPhoneSimulator.Build.0 = Release|Any CPU
		{6137070C-9502-4585-B652-4B5334B1EE24}.Release|x64.ActiveCfg = Release|Any CPU
		{6137070C-9502-4585-B652-4B5334B1EE24}.Release|x64.Build.0 = Release|Any CPU
		{6137070C-9502-4585-B652-4B5334B1EE24}.Release|x86.ActiveCfg = Release|Any CPU
		{6137070C-9502-4585-B652-4B5334B1EE24}.Release|x86.Build.0 = Release|Any CPU
		{C6CA452F-9A47-4700-8673-DB2D30289E89}.Debug|Any CPU.ActiveCfg = Debug|Any CPU
		{C6CA452F-9A47-4700-8673-DB2D30289E89}.Debug|Any CPU.Build.0 = Debug|Any CPU
		{C6CA452F-9A47-4700-8673-DB2D30289E89}.Debug|ARM.ActiveCfg = Debug|Any CPU
		{C6CA452F-9A47-4700-8673-DB2D30289E89}.Debug|ARM.Build.0 = Debug|Any CPU
		{C6CA452F-9A47-4700-8673-DB2D30289E89}.Debug|iPhone.ActiveCfg = Debug|Any CPU
		{C6CA452F-9A47-4700-8673-DB2D30289E89}.Debug|iPhone.Build.0 = Debug|Any CPU
		{C6CA452F-9A47-4700-8673-DB2D30289E89}.Debug|iPhoneSimulator.ActiveCfg = Debug|Any CPU
		{C6CA452F-9A47-4700-8673-DB2D30289E89}.Debug|iPhoneSimulator.Build.0 = Debug|Any CPU
		{C6CA452F-9A47-4700-8673-DB2D30289E89}.Debug|x64.ActiveCfg = Debug|Any CPU
		{C6CA452F-9A47-4700-8673-DB2D30289E89}.Debug|x64.Build.0 = Debug|Any CPU
		{C6CA452F-9A47-4700-8673-DB2D30289E89}.Debug|x86.ActiveCfg = Debug|Any CPU
		{C6CA452F-9A47-4700-8673-DB2D30289E89}.Debug|x86.Build.0 = Debug|Any CPU
		{C6CA452F-9A47-4700-8673-DB2D30289E89}.Release|Any CPU.ActiveCfg = Release|Any CPU
		{C6CA452F-9A47-4700-8673-DB2D30289E89}.Release|Any CPU.Build.0 = Release|Any CPU
		{C6CA452F-9A47-4700-8673-DB2D30289E89}.Release|ARM.ActiveCfg = Release|Any CPU
		{C6CA452F-9A47-4700-8673-DB2D30289E89}.Release|ARM.Build.0 = Release|Any CPU
		{C6CA452F-9A47-4700-8673-DB2D30289E89}.Release|iPhone.ActiveCfg = Release|Any CPU
		{C6CA452F-9A47-4700-8673-DB2D30289E89}.Release|iPhone.Build.0 = Release|Any CPU
		{C6CA452F-9A47-4700-8673-DB2D30289E89}.Release|iPhoneSimulator.ActiveCfg = Release|Any CPU
		{C6CA452F-9A47-4700-8673-DB2D30289E89}.Release|iPhoneSimulator.Build.0 = Release|Any CPU
		{C6CA452F-9A47-4700-8673-DB2D30289E89}.Release|x64.ActiveCfg = Release|Any CPU
		{C6CA452F-9A47-4700-8673-DB2D30289E89}.Release|x64.Build.0 = Release|Any CPU
		{C6CA452F-9A47-4700-8673-DB2D30289E89}.Release|x86.ActiveCfg = Release|Any CPU
		{C6CA452F-9A47-4700-8673-DB2D30289E89}.Release|x86.Build.0 = Release|Any CPU
		{B42C13D8-2264-404E-A225-E5EB4051D8F7}.Debug|Any CPU.ActiveCfg = Debug|Any CPU
		{B42C13D8-2264-404E-A225-E5EB4051D8F7}.Debug|Any CPU.Build.0 = Debug|Any CPU
		{B42C13D8-2264-404E-A225-E5EB4051D8F7}.Debug|ARM.ActiveCfg = Debug|Any CPU
		{B42C13D8-2264-404E-A225-E5EB4051D8F7}.Debug|ARM.Build.0 = Debug|Any CPU
		{B42C13D8-2264-404E-A225-E5EB4051D8F7}.Debug|iPhone.ActiveCfg = Debug|Any CPU
		{B42C13D8-2264-404E-A225-E5EB4051D8F7}.Debug|iPhone.Build.0 = Debug|Any CPU
		{B42C13D8-2264-404E-A225-E5EB4051D8F7}.Debug|iPhoneSimulator.ActiveCfg = Debug|Any CPU
		{B42C13D8-2264-404E-A225-E5EB4051D8F7}.Debug|iPhoneSimulator.Build.0 = Debug|Any CPU
		{B42C13D8-2264-404E-A225-E5EB4051D8F7}.Debug|x64.ActiveCfg = Debug|Any CPU
		{B42C13D8-2264-404E-A225-E5EB4051D8F7}.Debug|x64.Build.0 = Debug|Any CPU
		{B42C13D8-2264-404E-A225-E5EB4051D8F7}.Debug|x86.ActiveCfg = Debug|Any CPU
		{B42C13D8-2264-404E-A225-E5EB4051D8F7}.Debug|x86.Build.0 = Debug|Any CPU
		{B42C13D8-2264-404E-A225-E5EB4051D8F7}.Release|Any CPU.ActiveCfg = Release|Any CPU
		{B42C13D8-2264-404E-A225-E5EB4051D8F7}.Release|Any CPU.Build.0 = Release|Any CPU
		{B42C13D8-2264-404E-A225-E5EB4051D8F7}.Release|ARM.ActiveCfg = Release|Any CPU
		{B42C13D8-2264-404E-A225-E5EB4051D8F7}.Release|ARM.Build.0 = Release|Any CPU
		{B42C13D8-2264-404E-A225-E5EB4051D8F7}.Release|iPhone.ActiveCfg = Release|Any CPU
		{B42C13D8-2264-404E-A225-E5EB4051D8F7}.Release|iPhone.Build.0 = Release|Any CPU
		{B42C13D8-2264-404E-A225-E5EB4051D8F7}.Release|iPhoneSimulator.ActiveCfg = Release|Any CPU
		{B42C13D8-2264-404E-A225-E5EB4051D8F7}.Release|iPhoneSimulator.Build.0 = Release|Any CPU
		{B42C13D8-2264-404E-A225-E5EB4051D8F7}.Release|x64.ActiveCfg = Release|Any CPU
		{B42C13D8-2264-404E-A225-E5EB4051D8F7}.Release|x64.Build.0 = Release|Any CPU
		{B42C13D8-2264-404E-A225-E5EB4051D8F7}.Release|x86.ActiveCfg = Release|Any CPU
		{B42C13D8-2264-404E-A225-E5EB4051D8F7}.Release|x86.Build.0 = Release|Any CPU
	EndGlobalSection
	GlobalSection(SolutionProperties) = preSolution
		HideSolutionNode = FALSE
	EndGlobalSection
	GlobalSection(ExtensibilityGlobals) = postSolution
		SolutionGuid = {9DDA7109-F807-4A9E-BFEC-99DD0E2BB7C0}
	EndGlobalSection
EndGlobal
