Microsoft Visual Studio Solution File, Format Version 12.00
# Visual Studio Version 16
VisualStudioVersion = 16.0.0.0
MinimumVisualStudioVersion = 16.0.0.0
Project("{9A19103F-16F7-4668-BE54-9A1E7A4F7556}") = "BlazorWasm.Server", "Server\BlazorWasm.Server.csproj", "{C6B456EF-9F8D-433C-9F91-E69007F5B9D5}"
EndProject
Project("{9A19103F-16F7-4668-BE54-9A1E7A4F7556}") = "BlazorWasm.Client", "Client\BlazorWasm.Client.csproj", "{B610A188-B873-4A1C-BE98-D98298B94DF6}"
EndProject
Project("{9A19103F-16F7-4668-BE54-9A1E7A4F7556}") = "BlazorWasm.Shared", "Shared\BlazorWasm.Shared.csproj", "{CBBEF34D-FCB1-4194-8074-993F36290B9F}"
EndProject
Global
	GlobalSection(SolutionConfigurationPlatforms) = preSolution
		Debug|Any CPU = Debug|Any CPU
		Debug|x64 = Debug|x64
		Debug|x86 = Debug|x86
		Release|Any CPU = Release|Any CPU
		Release|x64 = Release|x64
		Release|x86 = Release|x86
	EndGlobalSection
	GlobalSection(ProjectConfigurationPlatforms) = postSolution
		{B610A188-B873-4A1C-BE98-D98298B94DF6}.Debug|Any CPU.ActiveCfg = Debug|Any CPU
		{B610A188-B873-4A1C-BE98-D98298B94DF6}.Debug|Any CPU.Build.0 = Debug|Any CPU
		{B610A188-B873-4A1C-BE98-D98298B94DF6}.Debug|x64.ActiveCfg = Debug|Any CPU
		{B610A188-B873-4A1C-BE98-D98298B94DF6}.Debug|x64.Build.0 = Debug|Any CPU
		{B610A188-B873-4A1C-BE98-D98298B94DF6}.Debug|x86.ActiveCfg = Debug|Any CPU
		{B610A188-B873-4A1C-BE98-D98298B94DF6}.Debug|x86.Build.0 = Debug|Any CPU
		{B610A188-B873-4A1C-BE98-D98298B94DF6}.Release|Any CPU.ActiveCfg = Release|Any CPU
		{B610A188-B873-4A1C-BE98-D98298B94DF6}.Release|Any CPU.Build.0 = Release|Any CPU
		{B610A188-B873-4A1C-BE98-D98298B94DF6}.Release|x64.ActiveCfg = Release|Any CPU
		{B610A188-B873-4A1C-BE98-D98298B94DF6}.Release|x64.Build.0 = Release|Any CPU
		{B610A188-B873-4A1C-BE98-D98298B94DF6}.Release|x86.ActiveCfg = Release|Any CPU
		{B610A188-B873-4A1C-BE98-D98298B94DF6}.Release|x86.Build.0 = Release|Any CPU
		{C6B456EF-9F8D-433C-9F91-E69007F5B9D5}.Debug|Any CPU.ActiveCfg = Debug|Any CPU
		{C6B456EF-9F8D-433C-9F91-E69007F5B9D5}.Debug|Any CPU.Build.0 = Debug|Any CPU
		{C6B456EF-9F8D-433C-9F91-E69007F5B9D5}.Debug|x64.ActiveCfg = Debug|Any CPU
		{C6B456EF-9F8D-433C-9F91-E69007F5B9D5}.Debug|x64.Build.0 = Debug|Any CPU
		{C6B456EF-9F8D-433C-9F91-E69007F5B9D5}.Debug|x86.ActiveCfg = Debug|Any CPU
		{C6B456EF-9F8D-433C-9F91-E69007F5B9D5}.Debug|x86.Build.0 = Debug|Any CPU
		{C6B456EF-9F8D-433C-9F91-E69007F5B9D5}.Release|Any CPU.ActiveCfg = Release|Any CPU
		{C6B456EF-9F8D-433C-9F91-E69007F5B9D5}.Release|Any CPU.Build.0 = Release|Any CPU
		{C6B456EF-9F8D-433C-9F91-E69007F5B9D5}.Release|x64.ActiveCfg = Release|Any CPU
		{C6B456EF-9F8D-433C-9F91-E69007F5B9D5}.Release|x64.Build.0 = Release|Any CPU
		{C6B456EF-9F8D-433C-9F91-E69007F5B9D5}.Release|x86.ActiveCfg = Release|Any CPU
		{C6B456EF-9F8D-433C-9F91-E69007F5B9D5}.Release|x86.Build.0 = Release|Any CPU
		{CBBEF34D-FCB1-4194-8074-993F36290B9F}.Debug|Any CPU.ActiveCfg = Debug|Any CPU
		{CBBEF34D-FCB1-4194-8074-993F36290B9F}.Debug|Any CPU.Build.0 = Debug|Any CPU
		{CBBEF34D-FCB1-4194-8074-993F36290B9F}.Debug|x64.ActiveCfg = Debug|Any CPU
		{CBBEF34D-FCB1-4194-8074-993F36290B9F}.Debug|x64.Build.0 = Debug|Any CPU
		{CBBEF34D-FCB1-4194-8074-993F36290B9F}.Debug|x86.ActiveCfg = Debug|Any CPU
		{CBBEF34D-FCB1-4194-8074-993F36290B9F}.Debug|x86.Build.0 = Debug|Any CPU
		{CBBEF34D-FCB1-4194-8074-993F36290B9F}.Release|Any CPU.ActiveCfg = Release|Any CPU
		{CBBEF34D-FCB1-4194-8074-993F36290B9F}.Release|Any CPU.Build.0 = Release|Any CPU
		{CBBEF34D-FCB1-4194-8074-993F36290B9F}.Release|x64.ActiveCfg = Release|Any CPU
		{CBBEF34D-FCB1-4194-8074-993F36290B9F}.Release|x64.Build.0 = Release|Any CPU
		{CBBEF34D-FCB1-4194-8074-993F36290B9F}.Release|x86.ActiveCfg = Release|Any CPU
		{CBBEF34D-FCB1-4194-8074-993F36290B9F}.Release|x86.Build.0 = Release|Any CPU
	EndGlobalSection
	GlobalSection(SolutionProperties) = preSolution
		HideSolutionNode = FALSE
	EndGlobalSection
	GlobalSection(ExtensibilityGlobals) = postSolution
		SolutionGuid = {40CA405E-26BC-4FF1-BB2B-2E9CDB5373A0}
	EndGlobalSection
EndGlobal